
Microsoft Visual Studio Solution File, Format Version 12.00
# Visual Studio Version 17
VisualStudioVersion = 17.0.32014.148
MinimumVisualStudioVersion = 10.0.40219.1
Project("{FAE04EC0-301F-11D3-BF4B-00C04F79EFBC}") = "GameOfLife", "GameOfLife\GameOfLife.csproj", "{F675425B-2A00-4167-9047-AFB7DB4E775D}"
EndProject
Global
	GlobalSection(SolutionConfigurationPlatforms) = preSolution
		Debug|Any CPU = Debug|Any CPU
		Release|Any CPU = Release|Any CPU
	EndGlobalSection
	GlobalSection(ProjectConfigurationPlatforms) = postSolution
		{F675425B-2A00-4167-9047-AFB7DB4E775D}.Debug|Any CPU.ActiveCfg = Debug|Any CPU
		{F675425B-2A00-4167-9047-AFB7DB4E775D}.Debug|Any CPU.Build.0 = Debug|Any CPU
		{F675425B-2A00-4167-9047-AFB7DB4E775D}.Release|Any CPU.ActiveCfg = Release|Any CPU
		{F675425B-2A00-4167-9047-AFB7DB4E775D}.Release|Any CPU.Build.0 = Release|Any CPU
	EndGlobalSection
	GlobalSection(SolutionProperties) = preSolution
		HideSolutionNode = FALSE
	EndGlobalSection
	GlobalSection(ExtensibilityGlobals) = postSolution
		SolutionGuid = {9F641D84-BB98-48DF-8083-C3C3C76B9F2F}
	EndGlobalSection
EndGlobal
